
Microsoft Visual Studio Solution File, Format Version 12.00
# Visual Studio Version 16
VisualStudioVersion = 16.0.30907.101
MinimumVisualStudioVersion = 10.0.40219.1
Project("{FAE04EC0-301F-11D3-BF4B-00C04F79EFBC}") = "SD.AOP.LogViewer", "src\SD.AOP.LogViewer\SD.AOP.LogViewer.csproj", "{559FB9AF-5323-4C1E-A67C-3700DDFF5CA3}"
EndProject
Project("{FAE04EC0-301F-11D3-BF4B-00C04F79EFBC}") = "SD.AOP.Core.Tests", "src\SD.AOP.Core.Tests\SD.AOP.Core.Tests.csproj", "{6A6D87D6-2BD0-4EA0-968F-A68A1F27E8A8}"
EndProject
Project("{9A19103F-16F7-4668-BE54-9A1E7A4F7556}") = "SD.AOP.Core", "src\SD.AOP.Core\SD.AOP.Core.csproj", "{B0C050DD-6F32-4FAC-98D0-E06502927B16}"
EndProject
Project("{2150E333-8FDC-42A3-9474-1A3956D46DE8}") = "01 - Core", "01 - Core", "{042EF7E0-A266-44CB-B467-0AC170AA927B}"
EndProject
Project("{2150E333-8FDC-42A3-9474-1A3956D46DE8}") = "03 - 日志查看器", "03 - 日志查看器", "{DEB995E0-CBF6-4BB5-8D25-E57FFF7C35B1}"
EndProject
Project("{FAE04EC0-301F-11D3-BF4B-00C04F79EFBC}") = "SD.AOP.Core.NET461", "src\SD.AOP.Core.NET461\SD.AOP.Core.NET461.csproj", "{DFD2E9E8-27CF-4E41-BC67-DFCD457D3CF3}"
EndProject
Project("{FAE04EC0-301F-11D3-BF4B-00C04F79EFBC}") = "SD.AOP.Core.NET451", "src\SD.AOP.Core.NET451\SD.AOP.Core.NET451.csproj", "{692C1E2B-7B79-4B87-B5A5-9E84F9B67CBB}"
EndProject
Project("{2150E333-8FDC-42A3-9474-1A3956D46DE8}") = "02 - Tests", "02 - Tests", "{E2C1579F-BA41-4F02-9874-C7C11DC22AF9}"
EndProject
Global
	GlobalSection(SolutionConfigurationPlatforms) = preSolution
		Debug|Any CPU = Debug|Any CPU
		Release|Any CPU = Release|Any CPU
	EndGlobalSection
	GlobalSection(ProjectConfigurationPlatforms) = postSolution
		{559FB9AF-5323-4C1E-A67C-3700DDFF5CA3}.Debug|Any CPU.ActiveCfg = Debug|Any CPU
		{559FB9AF-5323-4C1E-A67C-3700DDFF5CA3}.Debug|Any CPU.Build.0 = Debug|Any CPU
		{559FB9AF-5323-4C1E-A67C-3700DDFF5CA3}.Release|Any CPU.ActiveCfg = Release|Any CPU
		{559FB9AF-5323-4C1E-A67C-3700DDFF5CA3}.Release|Any CPU.Build.0 = Release|Any CPU
		{6A6D87D6-2BD0-4EA0-968F-A68A1F27E8A8}.Debug|Any CPU.ActiveCfg = Debug|Any CPU
		{6A6D87D6-2BD0-4EA0-968F-A68A1F27E8A8}.Debug|Any CPU.Build.0 = Debug|Any CPU
		{6A6D87D6-2BD0-4EA0-968F-A68A1F27E8A8}.Release|Any CPU.ActiveCfg = Release|Any CPU
		{6A6D87D6-2BD0-4EA0-968F-A68A1F27E8A8}.Release|Any CPU.Build.0 = Release|Any CPU
		{B0C050DD-6F32-4FAC-98D0-E06502927B16}.Debug|Any CPU.ActiveCfg = Debug|Any CPU
		{B0C050DD-6F32-4FAC-98D0-E06502927B16}.Debug|Any CPU.Build.0 = Debug|Any CPU
		{B0C050DD-6F32-4FAC-98D0-E06502927B16}.Release|Any CPU.ActiveCfg = Release|Any CPU
		{B0C050DD-6F32-4FAC-98D0-E06502927B16}.Release|Any CPU.Build.0 = Release|Any CPU
		{DFD2E9E8-27CF-4E41-BC67-DFCD457D3CF3}.Debug|Any CPU.ActiveCfg = Debug|Any CPU
		{DFD2E9E8-27CF-4E41-BC67-DFCD457D3CF3}.Debug|Any CPU.Build.0 = Debug|Any CPU
		{DFD2E9E8-27CF-4E41-BC67-DFCD457D3CF3}.Release|Any CPU.ActiveCfg = Release|Any CPU
		{DFD2E9E8-27CF-4E41-BC67-DFCD457D3CF3}.Release|Any CPU.Build.0 = Release|Any CPU
		{692C1E2B-7B79-4B87-B5A5-9E84F9B67CBB}.Debug|Any CPU.ActiveCfg = Debug|Any CPU
		{692C1E2B-7B79-4B87-B5A5-9E84F9B67CBB}.Debug|Any CPU.Build.0 = Debug|Any CPU
		{692C1E2B-7B79-4B87-B5A5-9E84F9B67CBB}.Release|Any CPU.ActiveCfg = Release|Any CPU
		{692C1E2B-7B79-4B87-B5A5-9E84F9B67CBB}.Release|Any CPU.Build.0 = Release|Any CPU
	EndGlobalSection
	GlobalSection(SolutionProperties) = preSolution
		HideSolutionNode = FALSE
	EndGlobalSection
	GlobalSection(NestedProjects) = preSolution
		{559FB9AF-5323-4C1E-A67C-3700DDFF5CA3} = {DEB995E0-CBF6-4BB5-8D25-E57FFF7C35B1}
		{6A6D87D6-2BD0-4EA0-968F-A68A1F27E8A8} = {E2C1579F-BA41-4F02-9874-C7C11DC22AF9}
		{B0C050DD-6F32-4FAC-98D0-E06502927B16} = {042EF7E0-A266-44CB-B467-0AC170AA927B}
		{DFD2E9E8-27CF-4E41-BC67-DFCD457D3CF3} = {042EF7E0-A266-44CB-B467-0AC170AA927B}
		{692C1E2B-7B79-4B87-B5A5-9E84F9B67CBB} = {042EF7E0-A266-44CB-B467-0AC170AA927B}
	EndGlobalSection
	GlobalSection(ExtensibilityGlobals) = postSolution
		SolutionGuid = {76C23E0F-CCE0-418E-95A8-89A2562FCA9D}
	EndGlobalSection
EndGlobal
