
Microsoft Visual Studio Solution File, Format Version 12.00
# Visual Studio Version 16
VisualStudioVersion = 16.0.30907.101
MinimumVisualStudioVersion = 10.0.40219.1
Project("{FAE04EC0-301F-11D3-BF4B-00C04F79EFBC}") = "SD.AOP.LogViewer", "src\SD.AOP.LogViewer\SD.AOP.LogViewer.csproj", "{559FB9AF-5323-4C1E-A67C-3700DDFF5CA3}"
EndProject
Project("{9A19103F-16F7-4668-BE54-9A1E7A4F7556}") = "SD.AOP.Core.Tests", "src\SD.AOP.Core.Tests\SD.AOP.Core.Tests.csproj", "{6A6D87D6-2BD0-4EA0-968F-A68A1F27E8A8}"
EndProject
Project("{9A19103F-16F7-4668-BE54-9A1E7A4F7556}") = "SD.AOP.Core", "src\SD.AOP.Core\SD.AOP.Core.csproj", "{B0C050DD-6F32-4FAC-98D0-E06502927B16}"
EndProject
Project("{2150E333-8FDC-42A3-9474-1A3956D46DE8}") = "01 - Core", "01 - Core", "{042EF7E0-A266-44CB-B467-0AC170AA927B}"
EndProject
Project("{2150E333-8FDC-42A3-9474-1A3956D46DE8}") = "04 - 日志查看器", "04 - 日志查看器", "{DEB995E0-CBF6-4BB5-8D25-E57FFF7C35B1}"
EndProject
Project("{2150E333-8FDC-42A3-9474-1A3956D46DE8}") = "03 - Tests", "03 - Tests", "{E2C1579F-BA41-4F02-9874-C7C11DC22AF9}"
EndProject
Project("{9A19103F-16F7-4668-BE54-9A1E7A4F7556}") = "SD.AOP.Logger.SqlServer", "src\SD.AOP.Logger.SqlServer\SD.AOP.Logger.SqlServer.csproj", "{02622FCE-E2DC-4132-8007-6535FC5693B6}"
EndProject
Project("{2150E333-8FDC-42A3-9474-1A3956D46DE8}") = "02 - Loggers", "02 - Loggers", "{1584FD67-BCA0-48F5-B857-CF8BDC5CCF07}"
EndProject
Project("{9A19103F-16F7-4668-BE54-9A1E7A4F7556}") = "SD.AOP.Logger.MySql", "src\SD.AOP.Logger.MySql\SD.AOP.Logger.MySql.csproj", "{6E63A99B-D48B-462D-AC65-EDD4A152D534}"
EndProject
Project("{9A19103F-16F7-4668-BE54-9A1E7A4F7556}") = "SD.AOP.LogViewer.Repository.SqlServer", "src\SD.AOP.LogViewer.Repository.SqlServer\SD.AOP.LogViewer.Repository.SqlServer.csproj", "{E7217601-8E8C-44D9-9694-2C3BF788397B}"
EndProject
Project("{9A19103F-16F7-4668-BE54-9A1E7A4F7556}") = "SD.AOP.LogViewer.Repository.MySql", "src\SD.AOP.LogViewer.Repository.MySql\SD.AOP.LogViewer.Repository.MySql.csproj", "{E99E999D-2D14-4F2D-BA64-521A2B16A278}"
EndProject
Project("{9A19103F-16F7-4668-BE54-9A1E7A4F7556}") = "SD.AOP.LogViewer.Repository", "src\SD.AOP.LogViewer.Repository\SD.AOP.LogViewer.Repository.csproj", "{0CFD9E51-A92E-401A-9443-59AFFDB0333D}"
EndProject
Project("{9A19103F-16F7-4668-BE54-9A1E7A4F7556}") = "SD.AOP.Logger.PostgreSQL", "src\SD.AOP.Logger.PostgreSQL\SD.AOP.Logger.PostgreSQL.csproj", "{6701C525-5A28-4C46-884C-50850DEAF7CD}"
EndProject
Project("{9A19103F-16F7-4668-BE54-9A1E7A4F7556}") = "SD.AOP.LogViewer.Repository.PostgreSQL", "src\SD.AOP.LogViewer.Repository.PostgreSQL\SD.AOP.LogViewer.Repository.PostgreSQL.csproj", "{F87EE32D-C6C1-4873-82CA-EAE4B2F107F4}"
EndProject
Project("{9A19103F-16F7-4668-BE54-9A1E7A4F7556}") = "SD.AOP.Logger.Firebird", "src\SD.AOP.Logger.Firebird\SD.AOP.Logger.Firebird.csproj", "{76186BFE-BBB1-4A41-8BA3-7F19A5402755}"
EndProject
Project("{9A19103F-16F7-4668-BE54-9A1E7A4F7556}") = "SD.AOP.LogViewer.Repository.Firebird", "src\SD.AOP.LogViewer.Repository.Firebird\SD.AOP.LogViewer.Repository.Firebird.csproj", "{1FE2C2EE-F94A-44EE-9D98-1D53C2EBEDA9}"
EndProject
Project("{9A19103F-16F7-4668-BE54-9A1E7A4F7556}") = "SD.AOP.LogViewer(Core)", "src\SD.AOP.LogViewer(Core)\SD.AOP.LogViewer(Core).csproj", "{98995F58-2399-40DE-BEB2-E6C98F52A421}"
EndProject
Project("{FAE04EC0-301F-11D3-BF4B-00C04F79EFBC}") = "SD.AOP.Logger.Sqlite", "src\SD.AOP.Logger.Sqlite\SD.AOP.Logger.Sqlite.csproj", "{756772F0-96FE-42AA-8E62-FFB295EB658E}"
EndProject
Global
	GlobalSection(SolutionConfigurationPlatforms) = preSolution
		Debug|Any CPU = Debug|Any CPU
		Release|Any CPU = Release|Any CPU
	EndGlobalSection
	GlobalSection(ProjectConfigurationPlatforms) = postSolution
		{559FB9AF-5323-4C1E-A67C-3700DDFF5CA3}.Debug|Any CPU.ActiveCfg = Debug|Any CPU
		{559FB9AF-5323-4C1E-A67C-3700DDFF5CA3}.Debug|Any CPU.Build.0 = Debug|Any CPU
		{559FB9AF-5323-4C1E-A67C-3700DDFF5CA3}.Release|Any CPU.ActiveCfg = Release|Any CPU
		{559FB9AF-5323-4C1E-A67C-3700DDFF5CA3}.Release|Any CPU.Build.0 = Release|Any CPU
		{6A6D87D6-2BD0-4EA0-968F-A68A1F27E8A8}.Debug|Any CPU.ActiveCfg = Debug|Any CPU
		{6A6D87D6-2BD0-4EA0-968F-A68A1F27E8A8}.Debug|Any CPU.Build.0 = Debug|Any CPU
		{6A6D87D6-2BD0-4EA0-968F-A68A1F27E8A8}.Release|Any CPU.ActiveCfg = Release|Any CPU
		{6A6D87D6-2BD0-4EA0-968F-A68A1F27E8A8}.Release|Any CPU.Build.0 = Release|Any CPU
		{B0C050DD-6F32-4FAC-98D0-E06502927B16}.Debug|Any CPU.ActiveCfg = Debug|Any CPU
		{B0C050DD-6F32-4FAC-98D0-E06502927B16}.Debug|Any CPU.Build.0 = Debug|Any CPU
		{B0C050DD-6F32-4FAC-98D0-E06502927B16}.Release|Any CPU.ActiveCfg = Release|Any CPU
		{B0C050DD-6F32-4FAC-98D0-E06502927B16}.Release|Any CPU.Build.0 = Release|Any CPU
		{02622FCE-E2DC-4132-8007-6535FC5693B6}.Debug|Any CPU.ActiveCfg = Debug|Any CPU
		{02622FCE-E2DC-4132-8007-6535FC5693B6}.Debug|Any CPU.Build.0 = Debug|Any CPU
		{02622FCE-E2DC-4132-8007-6535FC5693B6}.Release|Any CPU.ActiveCfg = Release|Any CPU
		{02622FCE-E2DC-4132-8007-6535FC5693B6}.Release|Any CPU.Build.0 = Release|Any CPU
		{6E63A99B-D48B-462D-AC65-EDD4A152D534}.Debug|Any CPU.ActiveCfg = Debug|Any CPU
		{6E63A99B-D48B-462D-AC65-EDD4A152D534}.Debug|Any CPU.Build.0 = Debug|Any CPU
		{6E63A99B-D48B-462D-AC65-EDD4A152D534}.Release|Any CPU.ActiveCfg = Release|Any CPU
		{6E63A99B-D48B-462D-AC65-EDD4A152D534}.Release|Any CPU.Build.0 = Release|Any CPU
		{E7217601-8E8C-44D9-9694-2C3BF788397B}.Debug|Any CPU.ActiveCfg = Debug|Any CPU
		{E7217601-8E8C-44D9-9694-2C3BF788397B}.Debug|Any CPU.Build.0 = Debug|Any CPU
		{E7217601-8E8C-44D9-9694-2C3BF788397B}.Release|Any CPU.ActiveCfg = Release|Any CPU
		{E7217601-8E8C-44D9-9694-2C3BF788397B}.Release|Any CPU.Build.0 = Release|Any CPU
		{E99E999D-2D14-4F2D-BA64-521A2B16A278}.Debug|Any CPU.ActiveCfg = Debug|Any CPU
		{E99E999D-2D14-4F2D-BA64-521A2B16A278}.Debug|Any CPU.Build.0 = Debug|Any CPU
		{E99E999D-2D14-4F2D-BA64-521A2B16A278}.Release|Any CPU.ActiveCfg = Release|Any CPU
		{E99E999D-2D14-4F2D-BA64-521A2B16A278}.Release|Any CPU.Build.0 = Release|Any CPU
		{0CFD9E51-A92E-401A-9443-59AFFDB0333D}.Debug|Any CPU.ActiveCfg = Debug|Any CPU
		{0CFD9E51-A92E-401A-9443-59AFFDB0333D}.Debug|Any CPU.Build.0 = Debug|Any CPU
		{0CFD9E51-A92E-401A-9443-59AFFDB0333D}.Release|Any CPU.ActiveCfg = Release|Any CPU
		{0CFD9E51-A92E-401A-9443-59AFFDB0333D}.Release|Any CPU.Build.0 = Release|Any CPU
		{6701C525-5A28-4C46-884C-50850DEAF7CD}.Debug|Any CPU.ActiveCfg = Debug|Any CPU
		{6701C525-5A28-4C46-884C-50850DEAF7CD}.Debug|Any CPU.Build.0 = Debug|Any CPU
		{6701C525-5A28-4C46-884C-50850DEAF7CD}.Release|Any CPU.ActiveCfg = Release|Any CPU
		{6701C525-5A28-4C46-884C-50850DEAF7CD}.Release|Any CPU.Build.0 = Release|Any CPU
		{F87EE32D-C6C1-4873-82CA-EAE4B2F107F4}.Debug|Any CPU.ActiveCfg = Debug|Any CPU
		{F87EE32D-C6C1-4873-82CA-EAE4B2F107F4}.Debug|Any CPU.Build.0 = Debug|Any CPU
		{F87EE32D-C6C1-4873-82CA-EAE4B2F107F4}.Release|Any CPU.ActiveCfg = Release|Any CPU
		{F87EE32D-C6C1-4873-82CA-EAE4B2F107F4}.Release|Any CPU.Build.0 = Release|Any CPU
		{76186BFE-BBB1-4A41-8BA3-7F19A5402755}.Debug|Any CPU.ActiveCfg = Debug|Any CPU
		{76186BFE-BBB1-4A41-8BA3-7F19A5402755}.Debug|Any CPU.Build.0 = Debug|Any CPU
		{76186BFE-BBB1-4A41-8BA3-7F19A5402755}.Release|Any CPU.ActiveCfg = Release|Any CPU
		{76186BFE-BBB1-4A41-8BA3-7F19A5402755}.Release|Any CPU.Build.0 = Release|Any CPU
		{1FE2C2EE-F94A-44EE-9D98-1D53C2EBEDA9}.Debug|Any CPU.ActiveCfg = Debug|Any CPU
		{1FE2C2EE-F94A-44EE-9D98-1D53C2EBEDA9}.Debug|Any CPU.Build.0 = Debug|Any CPU
		{1FE2C2EE-F94A-44EE-9D98-1D53C2EBEDA9}.Release|Any CPU.ActiveCfg = Release|Any CPU
		{1FE2C2EE-F94A-44EE-9D98-1D53C2EBEDA9}.Release|Any CPU.Build.0 = Release|Any CPU
		{98995F58-2399-40DE-BEB2-E6C98F52A421}.Debug|Any CPU.ActiveCfg = Debug|Any CPU
		{98995F58-2399-40DE-BEB2-E6C98F52A421}.Debug|Any CPU.Build.0 = Debug|Any CPU
		{98995F58-2399-40DE-BEB2-E6C98F52A421}.Release|Any CPU.ActiveCfg = Release|Any CPU
		{98995F58-2399-40DE-BEB2-E6C98F52A421}.Release|Any CPU.Build.0 = Release|Any CPU
		{756772F0-96FE-42AA-8E62-FFB295EB658E}.Debug|Any CPU.ActiveCfg = Debug|Any CPU
		{756772F0-96FE-42AA-8E62-FFB295EB658E}.Debug|Any CPU.Build.0 = Debug|Any CPU
		{756772F0-96FE-42AA-8E62-FFB295EB658E}.Release|Any CPU.ActiveCfg = Release|Any CPU
		{756772F0-96FE-42AA-8E62-FFB295EB658E}.Release|Any CPU.Build.0 = Release|Any CPU
	EndGlobalSection
	GlobalSection(SolutionProperties) = preSolution
		HideSolutionNode = FALSE
	EndGlobalSection
	GlobalSection(NestedProjects) = preSolution
		{559FB9AF-5323-4C1E-A67C-3700DDFF5CA3} = {DEB995E0-CBF6-4BB5-8D25-E57FFF7C35B1}
		{6A6D87D6-2BD0-4EA0-968F-A68A1F27E8A8} = {E2C1579F-BA41-4F02-9874-C7C11DC22AF9}
		{B0C050DD-6F32-4FAC-98D0-E06502927B16} = {042EF7E0-A266-44CB-B467-0AC170AA927B}
		{02622FCE-E2DC-4132-8007-6535FC5693B6} = {1584FD67-BCA0-48F5-B857-CF8BDC5CCF07}
		{6E63A99B-D48B-462D-AC65-EDD4A152D534} = {1584FD67-BCA0-48F5-B857-CF8BDC5CCF07}
		{E7217601-8E8C-44D9-9694-2C3BF788397B} = {DEB995E0-CBF6-4BB5-8D25-E57FFF7C35B1}
		{E99E999D-2D14-4F2D-BA64-521A2B16A278} = {DEB995E0-CBF6-4BB5-8D25-E57FFF7C35B1}
		{0CFD9E51-A92E-401A-9443-59AFFDB0333D} = {DEB995E0-CBF6-4BB5-8D25-E57FFF7C35B1}
		{6701C525-5A28-4C46-884C-50850DEAF7CD} = {1584FD67-BCA0-48F5-B857-CF8BDC5CCF07}
		{F87EE32D-C6C1-4873-82CA-EAE4B2F107F4} = {DEB995E0-CBF6-4BB5-8D25-E57FFF7C35B1}
		{76186BFE-BBB1-4A41-8BA3-7F19A5402755} = {1584FD67-BCA0-48F5-B857-CF8BDC5CCF07}
		{1FE2C2EE-F94A-44EE-9D98-1D53C2EBEDA9} = {DEB995E0-CBF6-4BB5-8D25-E57FFF7C35B1}
		{98995F58-2399-40DE-BEB2-E6C98F52A421} = {DEB995E0-CBF6-4BB5-8D25-E57FFF7C35B1}
		{756772F0-96FE-42AA-8E62-FFB295EB658E} = {1584FD67-BCA0-48F5-B857-CF8BDC5CCF07}
	EndGlobalSection
	GlobalSection(ExtensibilityGlobals) = postSolution
		SolutionGuid = {76C23E0F-CCE0-418E-95A8-89A2562FCA9D}
	EndGlobalSection
EndGlobal
